
Microsoft Visual Studio Solution File, Format Version 12.00
# Visual Studio Version 17
VisualStudioVersion = 17.0.31919.166
MinimumVisualStudioVersion = 10.0.40219.1
Project("{9A19103F-16F7-4668-BE54-9A1E7A4F7556}") = "Training.WebAPI", "Training.WebAPI\Training.WebAPI.csproj", "{A8D936C6-4278-4C31-99C1-980F2BB340DB}"
EndProject
Project("{9A19103F-16F7-4668-BE54-9A1E7A4F7556}") = "Training.Application", "Training.Application\Training.Application.csproj", "{E5007158-0689-4B1A-B4FF-C5972D811204}"
EndProject
Project("{9A19103F-16F7-4668-BE54-9A1E7A4F7556}") = "Training.Core", "Training.Core\Training.Core.csproj", "{F2E1209B-1DD0-4738-B480-888AD7267B59}"
EndProject
Project("{FAE04EC0-301F-11D3-BF4B-00C04F79EFBC}") = "Training.DAL", "Training.DAL\Training.DAL.csproj", "{1EF9D6CE-55E3-482C-956C-4262962B9AAF}"
EndProject
Global
	GlobalSection(SolutionConfigurationPlatforms) = preSolution
		Debug|Any CPU = Debug|Any CPU
		Release|Any CPU = Release|Any CPU
	EndGlobalSection
	GlobalSection(ProjectConfigurationPlatforms) = postSolution
		{A8D936C6-4278-4C31-99C1-980F2BB340DB}.Debug|Any CPU.ActiveCfg = Debug|Any CPU
		{A8D936C6-4278-4C31-99C1-980F2BB340DB}.Debug|Any CPU.Build.0 = Debug|Any CPU
		{A8D936C6-4278-4C31-99C1-980F2BB340DB}.Release|Any CPU.ActiveCfg = Release|Any CPU
		{A8D936C6-4278-4C31-99C1-980F2BB340DB}.Release|Any CPU.Build.0 = Release|Any CPU
		{E5007158-0689-4B1A-B4FF-C5972D811204}.Debug|Any CPU.ActiveCfg = Debug|Any CPU
		{E5007158-0689-4B1A-B4FF-C5972D811204}.Debug|Any CPU.Build.0 = Debug|Any CPU
		{E5007158-0689-4B1A-B4FF-C5972D811204}.Release|Any CPU.ActiveCfg = Release|Any CPU
		{E5007158-0689-4B1A-B4FF-C5972D811204}.Release|Any CPU.Build.0 = Release|Any CPU
		{F2E1209B-1DD0-4738-B480-888AD7267B59}.Debug|Any CPU.ActiveCfg = Debug|Any CPU
		{F2E1209B-1DD0-4738-B480-888AD7267B59}.Debug|Any CPU.Build.0 = Debug|Any CPU
		{F2E1209B-1DD0-4738-B480-888AD7267B59}.Release|Any CPU.ActiveCfg = Release|Any CPU
		{F2E1209B-1DD0-4738-B480-888AD7267B59}.Release|Any CPU.Build.0 = Release|Any CPU
		{1EF9D6CE-55E3-482C-956C-4262962B9AAF}.Debug|Any CPU.ActiveCfg = Debug|Any CPU
		{1EF9D6CE-55E3-482C-956C-4262962B9AAF}.Debug|Any CPU.Build.0 = Debug|Any CPU
		{1EF9D6CE-55E3-482C-956C-4262962B9AAF}.Release|Any CPU.ActiveCfg = Release|Any CPU
		{1EF9D6CE-55E3-482C-956C-4262962B9AAF}.Release|Any CPU.Build.0 = Release|Any CPU
	EndGlobalSection
	GlobalSection(SolutionProperties) = preSolution
		HideSolutionNode = FALSE
	EndGlobalSection
	GlobalSection(ExtensibilityGlobals) = postSolution
		SolutionGuid = {40216144-346C-4F05-A0CC-54D31B22CFE0}
	EndGlobalSection
EndGlobal
